
Microsoft Visual Studio Solution File, Format Version 12.00
# Visual Studio Version 17
VisualStudioVersion = 17.10.35004.147
MinimumVisualStudioVersion = 10.0.40219.1
Project("{FAE04EC0-301F-11D3-BF4B-00C04F79EFBC}") = "ERZRECHNER", "ConsoleApp1\ERZRECHNER.csproj", "{C86BBDAC-FBED-4561-AB67-A447816822F5}"
EndProject
Global
	GlobalSection(SolutionConfigurationPlatforms) = preSolution
		Debug|Any CPU = Debug|Any CPU
		Release|Any CPU = Release|Any CPU
	EndGlobalSection
	GlobalSection(ProjectConfigurationPlatforms) = postSolution
		{C86BBDAC-FBED-4561-AB67-A447816822F5}.Debug|Any CPU.ActiveCfg = Debug|Any CPU
		{C86BBDAC-FBED-4561-AB67-A447816822F5}.Debug|Any CPU.Build.0 = Debug|Any CPU
		{C86BBDAC-FBED-4561-AB67-A447816822F5}.Release|Any CPU.ActiveCfg = Release|Any CPU
		{C86BBDAC-FBED-4561-AB67-A447816822F5}.Release|Any CPU.Build.0 = Release|Any CPU
	EndGlobalSection
	GlobalSection(SolutionProperties) = preSolution
		HideSolutionNode = FALSE
	EndGlobalSection
	GlobalSection(ExtensibilityGlobals) = postSolution
		SolutionGuid = {C9E3D7A8-32EC-4410-AD46-494F49BE5484}
	EndGlobalSection
EndGlobal
